// !$*UTF8*$!
{
	archiveVersion = 1;
	classes = {
	};
	objectVersion = 50;
	objects = {

/* Begin PBXBuildFile section */
		21EBFE0822F50CCD00E7043B /* AppDelegate.swift in Sources */ = {isa = PBXBuildFile; fileRef = 21EBFE0722F50CCD00E7043B /* AppDelegate.swift */; };
		21EBFE0A22F50CCD00E7043B /* ViewController.swift in Sources */ = {isa = PBXBuildFile; fileRef = 21EBFE0922F50CCD00E7043B /* ViewController.swift */; };
		21EBFE0D22F50CCD00E7043B /* Main.storyboard in Resources */ = {isa = PBXBuildFile; fileRef = 21EBFE0B22F50CCD00E7043B /* Main.storyboard */; };
		21EBFE0F22F50CD100E7043B /* Assets.xcassets in Resources */ = {isa = PBXBuildFile; fileRef = 21EBFE0E22F50CD100E7043B /* Assets.xcassets */; };
		21EBFE1222F50CD100E7043B /* LaunchScreen.storyboard in Resources */ = {isa = PBXBuildFile; fileRef = 21EBFE1022F50CD100E7043B /* LaunchScreen.storyboard */; };
		21EBFE1E22F6070600E7043B /* NetworkRequest.swift in Sources */ = {isa = PBXBuildFile; fileRef = 21EBFE1D22F6070600E7043B /* NetworkRequest.swift */; };
		21EBFE2022F6074800E7043B /* SwiftNewsModel.swift in Sources */ = {isa = PBXBuildFile; fileRef = 21EBFE1F22F6074800E7043B /* SwiftNewsModel.swift */; };
		ECB62078CE27B2C4E411F03F /* Pods_LD___Swift_News.framework in Frameworks */ = {isa = PBXBuildFile; fileRef = FAAB68016E364E23F63CAAD3 /* Pods_LD___Swift_News.framework */; };
/* End PBXBuildFile section */

/* Begin PBXFileReference section */
		21EBFE0422F50CCD00E7043B /* LD - Swift News.app */ = {isa = PBXFileReference; explicitFileType = wrapper.application; includeInIndex = 0; path = "LD - Swift News.app"; sourceTree = BUILT_PRODUCTS_DIR; };
		21EBFE0722F50CCD00E7043B /* AppDelegate.swift */ = {isa = PBXFileReference; lastKnownFileType = sourcecode.swift; path = AppDelegate.swift; sourceTree = "<group>"; };
		21EBFE0922F50CCD00E7043B /* ViewController.swift */ = {isa = PBXFileReference; lastKnownFileType = sourcecode.swift; path = ViewController.swift; sourceTree = "<group>"; };
		21EBFE0C22F50CCD00E7043B /* Base */ = {isa = PBXFileReference; lastKnownFileType = file.storyboard; name = Base; path = Base.lproj/Main.storyboard; sourceTree = "<group>"; };
		21EBFE0E22F50CD100E7043B /* Assets.xcassets */ = {isa = PBXFileReference; lastKnownFileType = folder.assetcatalog; path = Assets.xcassets; sourceTree = "<group>"; };
		21EBFE1122F50CD100E7043B /* Base */ = {isa = PBXFileReference; lastKnownFileType = file.storyboard; name = Base; path = Base.lproj/LaunchScreen.storyboard; sourceTree = "<group>"; };
		21EBFE1322F50CD100E7043B /* Info.plist */ = {isa = PBXFileReference; lastKnownFileType = text.plist.xml; path = Info.plist; sourceTree = "<group>"; };
		21EBFE1D22F6070600E7043B /* NetworkRequest.swift */ = {isa = PBXFileReference; lastKnownFileType = sourcecode.swift; path = NetworkRequest.swift; sourceTree = "<group>"; };
		21EBFE1F22F6074800E7043B /* SwiftNewsModel.swift */ = {isa = PBXFileReference; lastKnownFileType = sourcecode.swift; path = SwiftNewsModel.swift; sourceTree = "<group>"; };
		36083D4FEB31E3010B918220 /* Pods-LD - Swift News.release.xcconfig */ = {isa = PBXFileReference; includeInIndex = 1; lastKnownFileType = text.xcconfig; name = "Pods-LD - Swift News.release.xcconfig"; path = "Target Support Files/Pods-LD - Swift News/Pods-LD - Swift News.release.xcconfig"; sourceTree = "<group>"; };
		7D6C32189F42041F289385D8 /* Pods-LD - Swift News.debug.xcconfig */ = {isa = PBXFileReference; includeInIndex = 1; lastKnownFileType = text.xcconfig; name = "Pods-LD - Swift News.debug.xcconfig"; path = "Target Support Files/Pods-LD - Swift News/Pods-LD - Swift News.debug.xcconfig"; sourceTree = "<group>"; };
		FAAB68016E364E23F63CAAD3 /* Pods_LD___Swift_News.framework */ = {isa = PBXFileReference; explicitFileType = wrapper.framework; includeInIndex = 0; path = Pods_LD___Swift_News.framework; sourceTree = BUILT_PRODUCTS_DIR; };
/* End PBXFileReference section */

/* Begin PBXFrameworksBuildPhase section */
		21EBFE0122F50CCD00E7043B /* Frameworks */ = {
			isa = PBXFrameworksBuildPhase;
			buildActionMask = 2147483647;
			files = (
				ECB62078CE27B2C4E411F03F /* Pods_LD___Swift_News.framework in Frameworks */,
			);
			runOnlyForDeploymentPostprocessing = 0;
		};
/* End PBXFrameworksBuildPhase section */

/* Begin PBXGroup section */
		21EBFDFB22F50CCC00E7043B = {
			isa = PBXGroup;
			children = (
				21EBFE0622F50CCD00E7043B /* LD - Swift News */,
				21EBFE0522F50CCD00E7043B /* Products */,
				B72DFC49CB4C739C0DC2F2B7 /* Pods */,
				899F2C5062FB108A6A7176AB /* Frameworks */,
			);
			sourceTree = "<group>";
		};
		21EBFE0522F50CCD00E7043B /* Products */ = {
			isa = PBXGroup;
			children = (
				21EBFE0422F50CCD00E7043B /* LD - Swift News.app */,
			);
			name = Products;
			sourceTree = "<group>";
		};
		21EBFE0622F50CCD00E7043B /* LD - Swift News */ = {
			isa = PBXGroup;
			children = (
				21EBFE1C22F606BB00E7043B /* Networking */,
				21EBFE1B22F50DCB00E7043B /* Controller */,
				21EBFE1A22F50DC500E7043B /* View */,
				21EBFE1922F50DBD00E7043B /* Model */,
				21EBFE0722F50CCD00E7043B /* AppDelegate.swift */,
				21EBFE0E22F50CD100E7043B /* Assets.xcassets */,
				21EBFE1322F50CD100E7043B /* Info.plist */,
			);
			path = "LD - Swift News";
			sourceTree = "<group>";
		};
		21EBFE1922F50DBD00E7043B /* Model */ = {
			isa = PBXGroup;
			children = (
				21EBFE1F22F6074800E7043B /* SwiftNewsModel.swift */,
			);
			path = Model;
			sourceTree = "<group>";
		};
		21EBFE1A22F50DC500E7043B /* View */ = {
			isa = PBXGroup;
			children = (
				21EBFE0B22F50CCD00E7043B /* Main.storyboard */,
				21EBFE1022F50CD100E7043B /* LaunchScreen.storyboard */,
			);
			path = View;
			sourceTree = "<group>";
		};
		21EBFE1B22F50DCB00E7043B /* Controller */ = {
			isa = PBXGroup;
			children = (
				21EBFE0922F50CCD00E7043B /* ViewController.swift */,
			);
			path = Controller;
			sourceTree = "<group>";
		};
		21EBFE1C22F606BB00E7043B /* Networking */ = {
			isa = PBXGroup;
			children = (
				21EBFE1D22F6070600E7043B /* NetworkRequest.swift */,
			);
			path = Networking;
			sourceTree = "<group>";
		};
		899F2C5062FB108A6A7176AB /* Frameworks */ = {
			isa = PBXGroup;
			children = (
				FAAB68016E364E23F63CAAD3 /* Pods_LD___Swift_News.framework */,
			);
			name = Frameworks;
			sourceTree = "<group>";
		};
		B72DFC49CB4C739C0DC2F2B7 /* Pods */ = {
			isa = PBXGroup;
			children = (
				7D6C32189F42041F289385D8 /* Pods-LD - Swift News.debug.xcconfig */,
				36083D4FEB31E3010B918220 /* Pods-LD - Swift News.release.xcconfig */,
			);
			name = Pods;
			path = Pods;
			sourceTree = "<group>";
		};
/* End PBXGroup section */

/* Begin PBXNativeTarget section */
		21EBFE0322F50CCD00E7043B /* LD - Swift News */ = {
			isa = PBXNativeTarget;
			buildConfigurationList = 21EBFE1622F50CD100E7043B /* Build configuration list for PBXNativeTarget "LD - Swift News" */;
			buildPhases = (
				7F6FE64F44BA479B79204C03 /* [CP] Check Pods Manifest.lock */,
				21EBFE0022F50CCD00E7043B /* Sources */,
				21EBFE0122F50CCD00E7043B /* Frameworks */,
				21EBFE0222F50CCD00E7043B /* Resources */,
				B6887F7BD778AD97F10E912E /* [CP] Embed Pods Frameworks */,
			);
			buildRules = (
			);
			dependencies = (
			);
			name = "LD - Swift News";
			productName = "LD - Swift News";
			productReference = 21EBFE0422F50CCD00E7043B /* LD - Swift News.app */;
			productType = "com.apple.product-type.application";
		};
/* End PBXNativeTarget section */

/* Begin PBXProject section */
		21EBFDFC22F50CCC00E7043B /* Project object */ = {
			isa = PBXProject;
			attributes = {
				LastSwiftUpdateCheck = 1030;
				LastUpgradeCheck = 1030;
				ORGANIZATIONNAME = "Lovish Dogra";
				TargetAttributes = {
					21EBFE0322F50CCD00E7043B = {
						CreatedOnToolsVersion = 10.3;
					};
				};
			};
			buildConfigurationList = 21EBFDFF22F50CCC00E7043B /* Build configuration list for PBXProject "LD - Swift News" */;
			compatibilityVersion = "Xcode 9.3";
			developmentRegion = en;
			hasScannedForEncodings = 0;
			knownRegions = (
				en,
				Base,
			);
			mainGroup = 21EBFDFB22F50CCC00E7043B;
			productRefGroup = 21EBFE0522F50CCD00E7043B /* Products */;
			projectDirPath = "";
			projectRoot = "";
			targets = (
				21EBFE0322F50CCD00E7043B /* LD - Swift News */,
			);
		};
/* End PBXProject section */

/* Begin PBXResourcesBuildPhase section */
		21EBFE0222F50CCD00E7043B /* Resources */ = {
			isa = PBXResourcesBuildPhase;
			buildActionMask = 2147483647;
			files = (
				21EBFE1222F50CD100E7043B /* LaunchScreen.storyboard in Resources */,
				21EBFE0F22F50CD100E7043B /* Assets.xcassets in Resources */,
				21EBFE0D22F50CCD00E7043B /* Main.storyboard in Resources */,
			);
			runOnlyForDeploymentPostprocessing = 0;
		};
/* End PBXResourcesBuildPhase section */

/* Begin PBXShellScriptBuildPhase section */
		7F6FE64F44BA479B79204C03 /* [CP] Check Pods Manifest.lock */ = {
			isa = PBXShellScriptBuildPhase;
			buildActionMask = 2147483647;
			files = (
			);
			inputFileListPaths = (
			);
			inputPaths = (
				"${PODS_PODFILE_DIR_PATH}/Podfile.lock",
				"${PODS_ROOT}/Manifest.lock",
			);
			name = "[CP] Check Pods Manifest.lock";
			outputFileListPaths = (
			);
			outputPaths = (
				"$(DERIVED_FILE_DIR)/Pods-LD - Swift News-checkManifestLockResult.txt",
			);
			runOnlyForDeploymentPostprocessing = 0;
			shellPath = /bin/sh;
			shellScript = "diff \"${PODS_PODFILE_DIR_PATH}/Podfile.lock\" \"${PODS_ROOT}/Manifest.lock\" > /dev/null\nif [ $? != 0 ] ; then\n    # print error to STDERR\n    echo \"error: The sandbox is not in sync with the Podfile.lock. Run 'pod install' or update your CocoaPods installation.\" >&2\n    exit 1\nfi\n# This output is used by Xcode 'outputs' to avoid re-running this script phase.\necho \"SUCCESS\" > \"${SCRIPT_OUTPUT_FILE_0}\"\n";
			showEnvVarsInLog = 0;
		};
		B6887F7BD778AD97F10E912E /* [CP] Embed Pods Frameworks */ = {
			isa = PBXShellScriptBuildPhase;
			buildActionMask = 2147483647;
			files = (
			);
			inputFileListPaths = (
				"${PODS_ROOT}/Target Support Files/Pods-LD - Swift News/Pods-LD - Swift News-frameworks-${CONFIGURATION}-input-files.xcfilelist",
			);
			name = "[CP] Embed Pods Frameworks";
			outputFileListPaths = (
				"${PODS_ROOT}/Target Support Files/Pods-LD - Swift News/Pods-LD - Swift News-frameworks-${CONFIGURATION}-output-files.xcfilelist",
			);
			runOnlyForDeploymentPostprocessing = 0;
			shellPath = /bin/sh;
			shellScript = "\"${PODS_ROOT}/Target Support Files/Pods-LD - Swift News/Pods-LD - Swift News-frameworks.sh\"\n";
			showEnvVarsInLog = 0;
		};
/* End PBXShellScriptBuildPhase section */

/* Begin PBXSourcesBuildPhase section */
		21EBFE0022F50CCD00E7043B /* Sources */ = {
			isa = PBXSourcesBuildPhase;
			buildActionMask = 2147483647;
			files = (
				21EBFE0A22F50CCD00E7043B /* ViewController.swift in Sources */,
				21EBFE1E22F6070600E7043B /* NetworkRequest.swift in Sources */,
				21EBFE2022F6074800E7043B /* SwiftNewsModel.swift in Sources */,
				21EBFE0822F50CCD00E7043B /* AppDelegate.swift in Sources */,
			);
			runOnlyForDeploymentPostprocessing = 0;
		};
/* End PBXSourcesBuildPhase section */

/* Begin PBXVariantGroup section */
		21EBFE0B22F50CCD00E7043B /* Main.storyboard */ = {
			isa = PBXVariantGroup;
			children = (
				21EBFE0C22F50CCD00E7043B /* Base */,
			);
			name = Main.storyboard;
			sourceTree = "<group>";
		};
		21EBFE1022F50CD100E7043B /* LaunchScreen.storyboard */ = {
			isa = PBXVariantGroup;
			children = (
				21EBFE1122F50CD100E7043B /* Base */,
			);
			name = LaunchScreen.storyboard;
			sourceTree = "<group>";
		};
/* End PBXVariantGroup section */

/* Begin XCBuildConfiguration section */
		21EBFE1422F50CD100E7043B /* Debug */ = {
			isa = XCBuildConfiguration;
			buildSettings = {
				ALWAYS_SEARCH_USER_PATHS = NO;
				CLANG_ANALYZER_NONNULL = YES;
				CLANG_ANALYZER_NUMBER_OBJECT_CONVERSION = YES_AGGRESSIVE;
				CLANG_CXX_LANGUAGE_STANDARD = "gnu++14";
				CLANG_CXX_LIBRARY = "libc++";
				CLANG_ENABLE_MODULES = YES;
				CLANG_ENABLE_OBJC_ARC = YES;
				CLANG_ENABLE_OBJC_WEAK = YES;
				CLANG_WARN_BLOCK_CAPTURE_AUTORELEASING = YES;
				CLANG_WARN_BOOL_CONVERSION = YES;
				CLANG_WARN_COMMA = YES;
				CLANG_WARN_CONSTANT_CONVERSION = YES;
				CLANG_WARN_DEPRECATED_OBJC_IMPLEMENTATIONS = YES;
				CLANG_WARN_DIRECT_OBJC_ISA_USAGE = YES_ERROR;
				CLANG_WARN_DOCUMENTATION_COMMENTS = YES;
				CLANG_WARN_EMPTY_BODY = YES;
				CLANG_WARN_ENUM_CONVERSION = YES;
				CLANG_WARN_INFINITE_RECURSION = YES;
				CLANG_WARN_INT_CONVERSION = YES;
				CLANG_WARN_NON_LITERAL_NULL_CONVERSION = YES;
				CLANG_WARN_OBJC_IMPLICIT_RETAIN_SELF = YES;
				CLANG_WARN_OBJC_LITERAL_CONVERSION = YES;
				CLANG_WARN_OBJC_ROOT_CLASS = YES_ERROR;
				CLANG_WARN_RANGE_LOOP_ANALYSIS = YES;
				CLANG_WARN_STRICT_PROTOTYPES = YES;
				CLANG_WARN_SUSPICIOUS_MOVE = YES;
				CLANG_WARN_UNGUARDED_AVAILABILITY = YES_AGGRESSIVE;
				CLANG_WARN_UNREACHABLE_CODE = YES;
				CLANG_WARN__DUPLICATE_METHOD_MATCH = YES;
				CODE_SIGN_IDENTITY = "iPhone Developer";
				COPY_PHASE_STRIP = NO;
				DEBUG_INFORMATION_FORMAT = dwarf;
				ENABLE_STRICT_OBJC_MSGSEND = YES;
				ENABLE_TESTABILITY = YES;
				GCC_C_LANGUAGE_STANDARD = gnu11;
				GCC_DYNAMIC_NO_PIC = NO;
				GCC_NO_COMMON_BLOCKS = YES;
				GCC_OPTIMIZATION_LEVEL = 0;
				GCC_PREPROCESSOR_DEFINITIONS = (
					"DEBUG=1",
					"$(inherited)",
				);
				GCC_WARN_64_TO_32_BIT_CONVERSION = YES;
				GCC_WARN_ABOUT_RETURN_TYPE = YES_ERROR;
				GCC_WARN_UNDECLARED_SELECTOR = YES;
				GCC_WARN_UNINITIALIZED_AUTOS = YES_AGGRESSIVE;
				GCC_WARN_UNUSED_FUNCTION = YES;
				GCC_WARN_UNUSED_VARIABLE = YES;
				IPHONEOS_DEPLOYMENT_TARGET = 12.4;
				MTL_ENABLE_DEBUG_INFO = INCLUDE_SOURCE;
				MTL_FAST_MATH = YES;
				ONLY_ACTIVE_ARCH = YES;
				SDKROOT = iphoneos;
				SWIFT_ACTIVE_COMPILATION_CONDITIONS = DEBUG;
				SWIFT_OPTIMIZATION_LEVEL = "-Onone";
			};
			name = Debug;
		};
		21EBFE1522F50CD100E7043B /* Release */ = {
			isa = XCBuildConfiguration;
			buildSettings = {
				ALWAYS_SEARCH_USER_PATHS = NO;
				CLANG_ANALYZER_NONNULL = YES;
				CLANG_ANALYZER_NUMBER_OBJECT_CONVERSION = YES_AGGRESSIVE;
				CLANG_CXX_LANGUAGE_STANDARD = "gnu++14";
				CLANG_CXX_LIBRARY = "libc++";
				CLANG_ENABLE_MODULES = YES;
				CLANG_ENABLE_OBJC_ARC = YES;
				CLANG_ENABLE_OBJC_WEAK = YES;
				CLANG_WARN_BLOCK_CAPTURE_AUTORELEASING = YES;
				CLANG_WARN_BOOL_CONVERSION = YES;
				CLANG_WARN_COMMA = YES;
				CLANG_WARN_CONSTANT_CONVERSION = YES;
				CLANG_WARN_DEPRECATED_OBJC_IMPLEMENTATIONS = YES;
				CLANG_WARN_DIRECT_OBJC_ISA_USAGE = YES_ERROR;
				CLANG_WARN_DOCUMENTATION_COMMENTS = YES;
				CLANG_WARN_EMPTY_BODY = YES;
				CLANG_WARN_ENUM_CONVERSION = YES;
				CLANG_WARN_INFINITE_RECURSION = YES;
				CLANG_WARN_INT_CONVERSION = YES;
				CLANG_WARN_NON_LITERAL_NULL_CONVERSION = YES;
				CLANG_WARN_OBJC_IMPLICIT_RETAIN_SELF = YES;
				CLANG_WARN_OBJC_LITERAL_CONVERSION = YES;
				CLANG_WARN_OBJC_ROOT_CLASS = YES_ERROR;
				CLANG_WARN_RANGE_LOOP_ANALYSIS = YES;
				CLANG_WARN_STRICT_PROTOTYPES = YES;
				CLANG_WARN_SUSPICIOUS_MOVE = YES;
				CLANG_WARN_UNGUARDED_AVAILABILITY = YES_AGGRESSIVE;
				CLANG_WARN_UNREACHABLE_CODE = YES;
				CLANG_WARN__DUPLICATE_METHOD_MATCH = YES;
				CODE_SIGN_IDENTITY = "iPhone Developer";
				COPY_PHASE_STRIP = NO;
				DEBUG_INFORMATION_FORMAT = "dwarf-with-dsym";
				ENABLE_NS_ASSERTIONS = NO;
				ENABLE_STRICT_OBJC_MSGSEND = YES;
				GCC_C_LANGUAGE_STANDARD = gnu11;
				GCC_NO_COMMON_BLOCKS = YES;
				GCC_WARN_64_TO_32_BIT_CONVERSION = YES;
				GCC_WARN_ABOUT_RETURN_TYPE = YES_ERROR;
				GCC_WARN_UNDECLARED_SELECTOR = YES;
				GCC_WARN_UNINITIALIZED_AUTOS = YES_AGGRESSIVE;
				GCC_WARN_UNUSED_FUNCTION = YES;
				GCC_WARN_UNUSED_VARIABLE = YES;
				IPHONEOS_DEPLOYMENT_TARGET = 12.4;
				MTL_ENABLE_DEBUG_INFO = NO;
				MTL_FAST_MATH = YES;
				SDKROOT = iphoneos;
				SWIFT_COMPILATION_MODE = wholemodule;
				SWIFT_OPTIMIZATION_LEVEL = "-O";
				VALIDATE_PRODUCT = YES;
			};
			name = Release;
		};
		21EBFE1722F50CD100E7043B /* Debug */ = {
			isa = XCBuildConfiguration;
			baseConfigurationReference = 7D6C32189F42041F289385D8 /* Pods-LD - Swift News.debug.xcconfig */;
			buildSettings = {
				ASSETCATALOG_COMPILER_APPICON_NAME = AppIcon;
				CODE_SIGN_STYLE = Automatic;
				DEVELOPMENT_TEAM = R2HCX9V229;
				INFOPLIST_FILE = "LD - Swift News/Info.plist";
				LD_RUNPATH_SEARCH_PATHS = (
					"$(inherited)",
					"@executable_path/Frameworks",
				);
				PRODUCT_BUNDLE_IDENTIFIER = "io.github.lovishdogra.LD-Swift-News";
				PRODUCT_NAME = "$(TARGET_NAME)";
				SWIFT_VERSION = 5.0;
				TARGETED_DEVICE_FAMILY = "1,2";
			};
			name = Debug;
		};
		21EBFE1822F50CD100E7043B /* Release */ = {
			isa = XCBuildConfiguration;
			baseConfigurationReference = 36083D4FEB31E3010B918220 /* Pods-LD - Swift News.release.xcconfig */;
			buildSettings = {
				ASSETCATALOG_COMPILER_APPICON_NAME = AppIcon;
				CODE_SIGN_STYLE = Automatic;
				DEVELOPMENT_TEAM = R2HCX9V229;
				INFOPLIST_FILE = "LD - Swift News/Info.plist";
				LD_RUNPATH_SEARCH_PATHS = (
					"$(inherited)",
					"@executable_path/Frameworks",
				);
				PRODUCT_BUNDLE_IDENTIFIER = "io.github.lovishdogra.LD-Swift-News";
				PRODUCT_NAME = "$(TARGET_NAME)";
				SWIFT_VERSION = 5.0;
				TARGETED_DEVICE_FAMILY = "1,2";
			};
			name = Release;
		};
/* End XCBuildConfiguration section */

/* Begin XCConfigurationList section */
		21EBFDFF22F50CCC00E7043B /* Build configuration list for PBXProject "LD - Swift News" */ = {
			isa = XCConfigurationList;
			buildConfigurations = (
				21EBFE1422F50CD100E7043B /* Debug */,
				21EBFE1522F50CD100E7043B /* Release */,
			);
			defaultConfigurationIsVisible = 0;
			defaultConfigurationName = Release;
		};
		21EBFE1622F50CD100E7043B /* Build configuration list for PBXNativeTarget "LD - Swift News" */ = {
			isa = XCConfigurationList;
			buildConfigurations = (
				21EBFE1722F50CD100E7043B /* Debug */,
				21EBFE1822F50CD100E7043B /* Release */,
			);
			defaultConfigurationIsVisible = 0;
			defaultConfigurationName = Release;
		};
/* End XCConfigurationList section */
	};
	rootObject = 21EBFDFC22F50CCC00E7043B /* Project object */;
}
